<?xml version="1.0" encoding="utf-8"?>
<Project ToolsVersion="4.0" xmlns="http://schemas.microsoft.com/developer/msbuild/2003">
  <ItemGroup>
    <Filter Include="link">
      <UniqueIdentifier>{a579915a-35fe-4c31-b8b2-9b03d8194688}</UniqueIdentifier>
    </Filter>
    <Filter Include="network">
      <UniqueIdentifier>{2f86a395-37c6-4cc6-8f65-e51dbf3f1b10}</UniqueIdentifier>
    </Filter>
    <Filter Include="transport">
      <UniqueIdentifier>{01eee643-4f15-4133-9505-e9f8f816b3e2}</UniqueIdentifier>
    </Filter>
    <Filter Include="windows">
      <UniqueIdentifier>{554d0e7c-7410-45a6-ac91-c73fa5523786}</UniqueIdentifier>
    </Filter>
    <Filter Include="linux">
      <UniqueIdentifier>{a45c777f-1776-4513-a334-2dcd192a6ac2}</UniqueIdentifier>
    </Filter>
  </ItemGroup>
  <ItemGroup>
    <ClCompile Include="link\ethernet-frame.cpp">
      <Filter>link</Filter>
    </ClCompile>
    <ClCompile Include="network\arp-packet.cpp">
      <Filter>network</Filter>
    </ClCompile>
    <ClCompile Include="transport\tcp-segment.cpp">
      <Filter>transport</Filter>
    </ClCompile>
    <ClCompile Include="network\ip-packet.cpp">
      <Filter>network</Filter>
    </ClCompile>
    <ClCompile Include="transport\udp-message.cpp">
      <Filter>transport</Filter>
    </ClCompile>
    <ClCompile Include="main.cpp" />
    <ClCompile Include="util.cpp" />
    <ClCompile Include="raw-socket.cpp" />
    <ClCompile Include="linux\linux-bootstrapper.cpp">
      <Filter>linux</Filter>
    </ClCompile>
    <ClCompile Include="windows\windows-bootstrapper.cpp">
      <Filter>windows</Filter>
    </ClCompile>
    <ClCompile Include="windows\windows-socket.cpp">
      <Filter>windows</Filter>
    </ClCompile>
    <ClCompile Include="linux\linux-socket.cpp">
      <Filter>linux</Filter>
    </ClCompile>
  </ItemGroup>
  <ItemGroup>
    <ClInclude Include="link\ethernet-frame.h">
      <Filter>link</Filter>
    </ClInclude>
    <ClInclude Include="network\arp-packet.h">
      <Filter>network</Filter>
    </ClInclude>
    <ClInclude Include="transport\tcp-segment.h">
      <Filter>transport</Filter>
    </ClInclude>
    <ClInclude Include="network\ip-packet.h">
      <Filter>network</Filter>
    </ClInclude>
    <ClInclude Include="transport\udp-message.h">
      <Filter>transport</Filter>
    </ClInclude>
    <ClInclude Include="util.h" />
    <ClInclude Include="bootstrapper.h" />
    <ClInclude Include="protocol.h" />
    <ClInclude Include="raw-socket.h" />
    <ClInclude Include="linux\linux-bootstrapper.h">
      <Filter>linux</Filter>
    </ClInclude>
    <ClInclude Include="windows\windows-bootstrapper.h">
      <Filter>windows</Filter>
    </ClInclude>
    <ClInclude Include="windows\windows-socket.h">
      <Filter>windows</Filter>
    </ClInclude>
    <ClInclude Include="linux\linux-socket.h">
      <Filter>linux</Filter>
    </ClInclude>
  </ItemGroup>
</Project>